
Microsoft Visual Studio Solution File, Format Version 12.00
# Visual Studio Version 17
VisualStudioVersion = 17.5.33414.496
MinimumVisualStudioVersion = 10.0.40219.1
Project("{FAE04EC0-301F-11D3-BF4B-00C04F79EFBC}") = "Winform_Study", "Winform_Study\Winform_Study.csproj", "{631A7DBD-57A0-4DC3-9926-910A7906FA01}"
EndProject
Global
	GlobalSection(SolutionConfigurationPlatforms) = preSolution
		Debug|Any CPU = Debug|Any CPU
		Release|Any CPU = Release|Any CPU
	EndGlobalSection
	GlobalSection(ProjectConfigurationPlatforms) = postSolution
		{631A7DBD-57A0-4DC3-9926-910A7906FA01}.Debug|Any CPU.ActiveCfg = Debug|Any CPU
		{631A7DBD-57A0-4DC3-9926-910A7906FA01}.Debug|Any CPU.Build.0 = Debug|Any CPU
		{631A7DBD-57A0-4DC3-9926-910A7906FA01}.Release|Any CPU.ActiveCfg = Release|Any CPU
		{631A7DBD-57A0-4DC3-9926-910A7906FA01}.Release|Any CPU.Build.0 = Release|Any CPU
	EndGlobalSection
	GlobalSection(SolutionProperties) = preSolution
		HideSolutionNode = FALSE
	EndGlobalSection
	GlobalSection(ExtensibilityGlobals) = postSolution
		SolutionGuid = {14DAB3B7-E689-4E8A-987E-4ADECE74E0C7}
	EndGlobalSection
EndGlobal
